// !$*UTF8*$!
{
	archiveVersion = 1;
	classes = {
	};
	objectVersion = 77;
	objects = {

/* Begin PBXContainerItemProxy section */
		5283A7D92E6DDBF600906B52 /* PBXContainerItemProxy */ = {
			isa = PBXContainerItemProxy;
			containerPortal = 5283A7C22E6DDBF500906B52 /* Project object */;
			proxyType = 1;
			remoteGlobalIDString = 5283A7C92E6DDBF500906B52;
			remoteInfo = EduChat;
		};
		5283A7E32E6DDBF600906B52 /* PBXContainerItemProxy */ = {
			isa = PBXContainerItemProxy;
			containerPortal = 5283A7C22E6DDBF500906B52 /* Project object */;
			proxyType = 1;
			remoteGlobalIDString = 5283A7C92E6DDBF500906B52;
			remoteInfo = EduChat;
		};
/* End PBXContainerItemProxy section */

/* Begin PBXFileReference section */
		5283A7CA2E6DDBF500906B52 /* EduChat.app */ = {isa = PBXFileReference; explicitFileType = wrapper.application; includeInIndex = 0; path = EduChat.app; sourceTree = BUILT_PRODUCTS_DIR; };
		5283A7D82E6DDBF600906B52 /* EduChatTests.xctest */ = {isa = PBXFileReference; explicitFileType = wrapper.cfbundle; includeInIndex = 0; path = EduChatTests.xctest; sourceTree = BUILT_PRODUCTS_DIR; };
		5283A7E22E6DDBF600906B52 /* EduChatUITests.xctest */ = {isa = PBXFileReference; explicitFileType = wrapper.cfbundle; includeInIndex = 0; path = EduChatUITests.xctest; sourceTree = BUILT_PRODUCTS_DIR; };
/* End PBXFileReference section */

/* Begin PBXFileSystemSynchronizedRootGroup section */
		5283A7CC2E6DDBF500906B52 /* EduChat */ = {
			isa = PBXFileSystemSynchronizedRootGroup;
			path = EduChat;
			sourceTree = "<group>";
		};
		5283A7DB2E6DDBF600906B52 /* EduChatTests */ = {
			isa = PBXFileSystemSynchronizedRootGroup;
			path = EduChatTests;
			sourceTree = "<group>";
		};
		5283A7E52E6DDBF600906B52 /* EduChatUITests */ = {
			isa = PBXFileSystemSynchronizedRootGroup;
			path = EduChatUITests;
			sourceTree = "<group>";
		};
/* End PBXFileSystemSynchronizedRootGroup section */

/* Begin PBXFrameworksBuildPhase section */
		5283A7C72E6DDBF500906B52 /* Frameworks */ = {
			isa = PBXFrameworksBuildPhase;
			buildActionMask = 2147483647;
			files = (
			);
			runOnlyForDeploymentPostprocessing = 0;
		};
		5283A7D52E6DDBF600906B52 /* Frameworks */ = {
			isa = PBXFrameworksBuildPhase;
			buildActionMask = 2147483647;
			files = (
			);
			runOnlyForDeploymentPostprocessing = 0;
		};
		5283A7DF2E6DDBF600906B52 /* Frameworks */ = {
			isa = PBXFrameworksBuildPhase;
			buildActionMask = 2147483647;
			files = (
			);
			runOnlyForDeploymentPostprocessing = 0;
		};
/* End PBXFrameworksBuildPhase section */

/* Begin PBXGroup section */
		5283A7C12E6DDBF500906B52 = {
			isa = PBXGroup;
			children = (
				5283A7CC2E6DDBF500906B52 /* EduChat */,
				5283A7DB2E6DDBF600906B52 /* EduChatTests */,
				5283A7E52E6DDBF600906B52 /* EduChatUITests */,
				5283A7CB2E6DDBF500906B52 /* Products */,
			);
			sourceTree = "<group>";
		};
		5283A7CB2E6DDBF500906B52 /* Products */ = {
			isa = PBXGroup;
			children = (
				5283A7CA2E6DDBF500906B52 /* EduChat.app */,
				5283A7D82E6DDBF600906B52 /* EduChatTests.xctest */,
				5283A7E22E6DDBF600906B52 /* EduChatUITests.xctest */,
			);
			name = Products;
			sourceTree = "<group>";
		};
/* End PBXGroup section */

/* Begin PBXNativeTarget section */
		5283A7C92E6DDBF500906B52 /* EduChat */ = {
			isa = PBXNativeTarget;
			buildConfigurationList = 5283A7EC2E6DDBF600906B52 /* Build configuration list for PBXNativeTarget "EduChat" */;
			buildPhases = (
				5283A7C62E6DDBF500906B52 /* Sources */,
				5283A7C72E6DDBF500906B52 /* Frameworks */,
				5283A7C82E6DDBF500906B52 /* Resources */,
			);
			buildRules = (
			);
			dependencies = (
			);
			fileSystemSynchronizedGroups = (
				5283A7CC2E6DDBF500906B52 /* EduChat */,
			);
			name = EduChat;
			packageProductDependencies = (
			);
			productName = EduChat;
			productReference = 5283A7CA2E6DDBF500906B52 /* EduChat.app */;
			productType = "com.apple.product-type.application";
		};
		5283A7D72E6DDBF600906B52 /* EduChatTests */ = {
			isa = PBXNativeTarget;
			buildConfigurationList = 5283A7EF2E6DDBF600906B52 /* Build configuration list for PBXNativeTarget "EduChatTests" */;
			buildPhases = (
				5283A7D42E6DDBF600906B52 /* Sources */,
				5283A7D52E6DDBF600906B52 /* Frameworks */,
				5283A7D62E6DDBF600906B52 /* Resources */,
			);
			buildRules = (
			);
			dependencies = (
				5283A7DA2E6DDBF600906B52 /* PBXTargetDependency */,
			);
			fileSystemSynchronizedGroups = (
				5283A7DB2E6DDBF600906B52 /* EduChatTests */,
			);
			name = EduChatTests;
			packageProductDependencies = (
			);
			productName = EduChatTests;
			productReference = 5283A7D82E6DDBF600906B52 /* EduChatTests.xctest */;
			productType = "com.apple.product-type.bundle.unit-test";
		};
		5283A7E12E6DDBF600906B52 /* EduChatUITests */ = {
			isa = PBXNativeTarget;
			buildConfigurationList = 5283A7F22E6DDBF600906B52 /* Build configuration list for PBXNativeTarget "EduChatUITests" */;
			buildPhases = (
				5283A7DE2E6DDBF600906B52 /* Sources */,
				5283A7DF2E6DDBF600906B52 /* Frameworks */,
				5283A7E02E6DDBF600906B52 /* Resources */,
			);
			buildRules = (
			);
			dependencies = (
				5283A7E42E6DDBF600906B52 /* PBXTargetDependency */,
			);
			fileSystemSynchronizedGroups = (
				5283A7E52E6DDBF600906B52 /* EduChatUITests */,
			);
			name = EduChatUITests;
			packageProductDependencies = (
			);
			productName = EduChatUITests;
			productReference = 5283A7E22E6DDBF600906B52 /* EduChatUITests.xctest */;
			productType = "com.apple.product-type.bundle.ui-testing";
		};
/* End PBXNativeTarget section */

/* Begin PBXProject section */
		5283A7C22E6DDBF500906B52 /* Project object */ = {
			isa = PBXProject;
			attributes = {
				BuildIndependentTargetsInParallel = 1;
				LastSwiftUpdateCheck = 1640;
				LastUpgradeCheck = 1640;
				TargetAttributes = {
					5283A7C92E6DDBF500906B52 = {
						CreatedOnToolsVersion = 16.4;
					};
					5283A7D72E6DDBF600906B52 = {
						CreatedOnToolsVersion = 16.4;
						TestTargetID = 5283A7C92E6DDBF500906B52;
					};
					5283A7E12E6DDBF600906B52 = {
						CreatedOnToolsVersion = 16.4;
						TestTargetID = 5283A7C92E6DDBF500906B52;
					};
				};
			};
			buildConfigurationList = 5283A7C52E6DDBF500906B52 /* Build configuration list for PBXProject "EduChat" */;
			developmentRegion = en;
			hasScannedForEncodings = 0;
			knownRegions = (
				en,
				Base,
			);
			mainGroup = 5283A7C12E6DDBF500906B52;
			minimizedProjectReferenceProxies = 1;
			preferredProjectObjectVersion = 77;
			productRefGroup = 5283A7CB2E6DDBF500906B52 /* Products */;
			projectDirPath = "";
			projectRoot = "";
			targets = (
				5283A7C92E6DDBF500906B52 /* EduChat */,
				5283A7D72E6DDBF600906B52 /* EduChatTests */,
				5283A7E12E6DDBF600906B52 /* EduChatUITests */,
			);
		};
/* End PBXProject section */

/* Begin PBXResourcesBuildPhase section */
		5283A7C82E6DDBF500906B52 /* Resources */ = {
			isa = PBXResourcesBuildPhase;
			buildActionMask = 2147483647;
			files = (
			);
			runOnlyForDeploymentPostprocessing = 0;
		};
		5283A7D62E6DDBF600906B52 /* Resources */ = {
			isa = PBXResourcesBuildPhase;
			buildActionMask = 2147483647;
			files = (
			);
			runOnlyForDeploymentPostprocessing = 0;
		};
		5283A7E02E6DDBF600906B52 /* Resources */ = {
			isa = PBXResourcesBuildPhase;
			buildActionMask = 2147483647;
			files = (
			);
			runOnlyForDeploymentPostprocessing = 0;
		};
/* End PBXResourcesBuildPhase section */

/* Begin PBXSourcesBuildPhase section */
		5283A7C62E6DDBF500906B52 /* Sources */ = {
			isa = PBXSourcesBuildPhase;
			buildActionMask = 2147483647;
			files = (
			);
			runOnlyForDeploymentPostprocessing = 0;
		};
		5283A7D42E6DDBF600906B52 /* Sources */ = {
			isa = PBXSourcesBuildPhase;
			buildActionMask = 2147483647;
			files = (
			);
			runOnlyForDeploymentPostprocessing = 0;
		};
		5283A7DE2E6DDBF600906B52 /* Sources */ = {
			isa = PBXSourcesBuildPhase;
			buildActionMask = 2147483647;
			files = (
			);
			runOnlyForDeploymentPostprocessing = 0;
		};
/* End PBXSourcesBuildPhase section */

/* Begin PBXTargetDependency section */
		5283A7DA2E6DDBF600906B52 /* PBXTargetDependency */ = {
			isa = PBXTargetDependency;
			target = 5283A7C92E6DDBF500906B52 /* EduChat */;
			targetProxy = 5283A7D92E6DDBF600906B52 /* PBXContainerItemProxy */;
		};
		5283A7E42E6DDBF600906B52 /* PBXTargetDependency */ = {
			isa = PBXTargetDependency;
			target = 5283A7C92E6DDBF500906B52 /* EduChat */;
			targetProxy = 5283A7E32E6DDBF600906B52 /* PBXContainerItemProxy */;
		};
/* End PBXTargetDependency section */

/* Begin XCBuildConfiguration section */
		5283A7EA2E6DDBF600906B52 /* Debug */ = {
			isa = XCBuildConfiguration;
			buildSettings = {
				ALWAYS_SEARCH_USER_PATHS = NO;
				ASSETCATALOG_COMPILER_GENERATE_SWIFT_ASSET_SYMBOL_EXTENSIONS = YES;
				CLANG_ANALYZER_NONNULL = YES;
				CLANG_ANALYZER_NUMBER_OBJECT_CONVERSION = YES_AGGRESSIVE;
				CLANG_CXX_LANGUAGE_STANDARD = "gnu++20";
				CLANG_ENABLE_MODULES = YES;
				CLANG_ENABLE_OBJC_ARC = YES;
				CLANG_ENABLE_OBJC_WEAK = YES;
				CLANG_WARN_BLOCK_CAPTURE_AUTORELEASING = YES;
				CLANG_WARN_BOOL_CONVERSION = YES;
				CLANG_WARN_COMMA = YES;
				CLANG_WARN_CONSTANT_CONVERSION = YES;
				CLANG_WARN_DEPRECATED_OBJC_IMPLEMENTATIONS = YES;
				CLANG_WARN_DIRECT_OBJC_ISA_USAGE = YES_ERROR;
				CLANG_WARN_DOCUMENTATION_COMMENTS = YES;
				CLANG_WARN_EMPTY_BODY = YES;
				CLANG_WARN_ENUM_CONVERSION = YES;
				CLANG_WARN_INFINITE_RECURSION = YES;
				CLANG_WARN_INT_CONVERSION = YES;
				CLANG_WARN_NON_LITERAL_NULL_CONVERSION = YES;
				CLANG_WARN_OBJC_IMPLICIT_RETAIN_SELF = YES;
				CLANG_WARN_OBJC_LITERAL_CONVERSION = YES;
				CLANG_WARN_OBJC_ROOT_CLASS = YES_ERROR;
				CLANG_WARN_QUOTED_INCLUDE_IN_FRAMEWORK_HEADER = YES;
				CLANG_WARN_RANGE_LOOP_ANALYSIS = YES;
				CLANG_WARN_STRICT_PROTOTYPES = YES;
				CLANG_WARN_SUSPICIOUS_MOVE = YES;
				CLANG_WARN_UNGUARDED_AVAILABILITY = YES_AGGRESSIVE;
				CLANG_WARN_UNREACHABLE_CODE = YES;
				CLANG_WARN__DUPLICATE_METHOD_MATCH = YES;
				COPY_PHASE_STRIP = NO;
				DEBUG_INFORMATION_FORMAT = dwarf;
				ENABLE_STRICT_OBJC_MSGSEND = YES;
				ENABLE_TESTABILITY = YES;
				ENABLE_USER_SCRIPT_SANDBOXING = YES;
				GCC_C_LANGUAGE_STANDARD = gnu17;
				GCC_DYNAMIC_NO_PIC = NO;
				GCC_NO_COMMON_BLOCKS = YES;
				GCC_OPTIMIZATION_LEVEL = 0;
				GCC_PREPROCESSOR_DEFINITIONS = (
					"DEBUG=1",
					"$(inherited)",
				);
				GCC_WARN_64_TO_32_BIT_CONVERSION = YES;
				GCC_WARN_ABOUT_RETURN_TYPE = YES_ERROR;
				GCC_WARN_UNDECLARED_SELECTOR = YES;
				GCC_WARN_UNINITIALIZED_AUTOS = YES_AGGRESSIVE;
				GCC_WARN_UNUSED_FUNCTION = YES;
				GCC_WARN_UNUSED_VARIABLE = YES;
				LOCALIZATION_PREFERS_STRING_CATALOGS = YES;
				MACOSX_DEPLOYMENT_TARGET = 15.5;
				MTL_ENABLE_DEBUG_INFO = INCLUDE_SOURCE;
				MTL_FAST_MATH = YES;
				ONLY_ACTIVE_ARCH = YES;
				SDKROOT = macosx;
				SWIFT_ACTIVE_COMPILATION_CONDITIONS = "DEBUG $(inherited)";
				SWIFT_OPTIMIZATION_LEVEL = "-Onone";
			};
			name = Debug;
		};
		5283A7EB2E6DDBF600906B52 /* Release */ = {
			isa = XCBuildConfiguration;
			buildSettings = {
				ALWAYS_SEARCH_USER_PATHS = NO;
				ASSETCATALOG_COMPILER_GENERATE_SWIFT_ASSET_SYMBOL_EXTENSIONS = YES;
				CLANG_ANALYZER_NONNULL = YES;
				CLANG_ANALYZER_NUMBER_OBJECT_CONVERSION = YES_AGGRESSIVE;
				CLANG_CXX_LANGUAGE_STANDARD = "gnu++20";
				CLANG_ENABLE_MODULES = YES;
				CLANG_ENABLE_OBJC_ARC = YES;
				CLANG_ENABLE_OBJC_WEAK = YES;
				CLANG_WARN_BLOCK_CAPTURE_AUTORELEASING = YES;
				CLANG_WARN_BOOL_CONVERSION = YES;
				CLANG_WARN_COMMA = YES;
				CLANG_WARN_CONSTANT_CONVERSION = YES;
				CLANG_WARN_DEPRECATED_OBJC_IMPLEMENTATIONS = YES;
				CLANG_WARN_DIRECT_OBJC_ISA_USAGE = YES_ERROR;
				CLANG_WARN_DOCUMENTATION_COMMENTS = YES;
				CLANG_WARN_EMPTY_BODY = YES;
				CLANG_WARN_ENUM_CONVERSION = YES;
				CLANG_WARN_INFINITE_RECURSION = YES;
				CLANG_WARN_INT_CONVERSION = YES;
				CLANG_WARN_NON_LITERAL_NULL_CONVERSION = YES;
				CLANG_WARN_OBJC_IMPLICIT_RETAIN_SELF = YES;
				CLANG_WARN_OBJC_LITERAL_CONVERSION = YES;
				CLANG_WARN_OBJC_ROOT_CLASS = YES_ERROR;
				CLANG_WARN_QUOTED_INCLUDE_IN_FRAMEWORK_HEADER = YES;
				CLANG_WARN_RANGE_LOOP_ANALYSIS = YES;
				CLANG_WARN_STRICT_PROTOTYPES = YES;
				CLANG_WARN_SUSPICIOUS_MOVE = YES;
				CLANG_WARN_UNGUARDED_AVAILABILITY = YES_AGGRESSIVE;
				CLANG_WARN_UNREACHABLE_CODE = YES;
				CLANG_WARN__DUPLICATE_METHOD_MATCH = YES;
				COPY_PHASE_STRIP = NO;
				DEBUG_INFORMATION_FORMAT = "dwarf-with-dsym";
				ENABLE_NS_ASSERTIONS = NO;
				ENABLE_STRICT_OBJC_MSGSEND = YES;
				ENABLE_USER_SCRIPT_SANDBOXING = YES;
				GCC_C_LANGUAGE_STANDARD = gnu17;
				GCC_NO_COMMON_BLOCKS = YES;
				GCC_WARN_64_TO_32_BIT_CONVERSION = YES;
				GCC_WARN_ABOUT_RETURN_TYPE = YES_ERROR;
				GCC_WARN_UNDECLARED_SELECTOR = YES;
				GCC_WARN_UNINITIALIZED_AUTOS = YES_AGGRESSIVE;
				GCC_WARN_UNUSED_FUNCTION = YES;
				GCC_WARN_UNUSED_VARIABLE = YES;
				LOCALIZATION_PREFERS_STRING_CATALOGS = YES;
				MACOSX_DEPLOYMENT_TARGET = 15.5;
				MTL_ENABLE_DEBUG_INFO = NO;
				MTL_FAST_MATH = YES;
				SDKROOT = macosx;
				SWIFT_COMPILATION_MODE = wholemodule;
			};
			name = Release;
		};
		5283A7ED2E6DDBF600906B52 /* Debug */ = {
			isa = XCBuildConfiguration;
			buildSettings = {
				ASSETCATALOG_COMPILER_APPICON_NAME = AppIcon;
				ASSETCATALOG_COMPILER_GLOBAL_ACCENT_COLOR_NAME = AccentColor;
				CODE_SIGN_STYLE = Automatic;
				COMBINE_HIDPI_IMAGES = YES;
				CURRENT_PROJECT_VERSION = 1;
				ENABLE_PREVIEWS = YES;
				GENERATE_INFOPLIST_FILE = YES;
				INFOPLIST_KEY_NSHumanReadableCopyright = "";
				LD_RUNPATH_SEARCH_PATHS = (
					"$(inherited)",
					"@executable_path/../Frameworks",
				);
				MARKETING_VERSION = 1.0;
				PRODUCT_BUNDLE_IDENTIFIER = com.educhat.ai;
				PRODUCT_NAME = "$(TARGET_NAME)";
				REGISTER_APP_GROUPS = YES;
				SWIFT_EMIT_LOC_STRINGS = YES;
				SWIFT_VERSION = 5.0;
			};
			name = Debug;
		};
		5283A7EE2E6DDBF600906B52 /* Release */ = {
			isa = XCBuildConfiguration;
			buildSettings = {
				ASSETCATALOG_COMPILER_APPICON_NAME = AppIcon;
				ASSETCATALOG_COMPILER_GLOBAL_ACCENT_COLOR_NAME = AccentColor;
				CODE_SIGN_STYLE = Automatic;
				COMBINE_HIDPI_IMAGES = YES;
				CURRENT_PROJECT_VERSION = 1;
				ENABLE_PREVIEWS = YES;
				GENERATE_INFOPLIST_FILE = YES;
				INFOPLIST_KEY_NSHumanReadableCopyright = "";
				LD_RUNPATH_SEARCH_PATHS = (
					"$(inherited)",
					"@executable_path/../Frameworks",
				);
				MARKETING_VERSION = 1.0;
				PRODUCT_BUNDLE_IDENTIFIER = com.educhat.ai;
				PRODUCT_NAME = "$(TARGET_NAME)";
				REGISTER_APP_GROUPS = YES;
				SWIFT_EMIT_LOC_STRINGS = YES;
				SWIFT_VERSION = 5.0;
			};
			name = Release;
		};
		5283A7F02E6DDBF600906B52 /* Debug */ = {
			isa = XCBuildConfiguration;
			buildSettings = {
				BUNDLE_LOADER = "$(TEST_HOST)";
				CODE_SIGN_STYLE = Automatic;
				CURRENT_PROJECT_VERSION = 1;
				GENERATE_INFOPLIST_FILE = YES;
				MACOSX_DEPLOYMENT_TARGET = 15.5;
				MARKETING_VERSION = 1.0;
				PRODUCT_BUNDLE_IDENTIFIER = com.educhat.ai.tests;
				PRODUCT_NAME = "$(TARGET_NAME)";
				SWIFT_EMIT_LOC_STRINGS = NO;
				SWIFT_VERSION = 5.0;
				TEST_HOST = "$(BUILT_PRODUCTS_DIR)/EduChat.app/$(BUNDLE_EXECUTABLE_FOLDER_PATH)/EduChat";
			};
			name = Debug;
		};
		5283A7F12E6DDBF600906B52 /* Release */ = {
			isa = XCBuildConfiguration;
			buildSettings = {
				BUNDLE_LOADER = "$(TEST_HOST)";
				CODE_SIGN_STYLE = Automatic;
				CURRENT_PROJECT_VERSION = 1;
				GENERATE_INFOPLIST_FILE = YES;
				MACOSX_DEPLOYMENT_TARGET = 15.5;
				MARKETING_VERSION = 1.0;
				PRODUCT_BUNDLE_IDENTIFIER = com.educhat.ai.tests;
				PRODUCT_NAME = "$(TARGET_NAME)";
				SWIFT_EMIT_LOC_STRINGS = NO;
				SWIFT_VERSION = 5.0;
				TEST_HOST = "$(BUILT_PRODUCTS_DIR)/EduChat.app/$(BUNDLE_EXECUTABLE_FOLDER_PATH)/EduChat";
			};
			name = Release;
		};
		5283A7F32E6DDBF600906B52 /* Debug */ = {
			isa = XCBuildConfiguration;
			buildSettings = {
				CODE_SIGN_STYLE = Automatic;
				CURRENT_PROJECT_VERSION = 1;
				GENERATE_INFOPLIST_FILE = YES;
				MARKETING_VERSION = 1.0;
				PRODUCT_BUNDLE_IDENTIFIER = com.educhat.ai.uitests;
				PRODUCT_NAME = "$(TARGET_NAME)";
				SWIFT_EMIT_LOC_STRINGS = NO;
				SWIFT_VERSION = 5.0;
				TEST_TARGET_NAME = EduChat;
			};
			name = Debug;
		};
		5283A7F42E6DDBF600906B52 /* Release */ = {
			isa = XCBuildConfiguration;
			buildSettings = {
				CODE_SIGN_STYLE = Automatic;
				CURRENT_PROJECT_VERSION = 1;
				GENERATE_INFOPLIST_FILE = YES;
				MARKETING_VERSION = 1.0;
				PRODUCT_BUNDLE_IDENTIFIER = com.educhat.ai.uitests;
				PRODUCT_NAME = "$(TARGET_NAME)";
				SWIFT_EMIT_LOC_STRINGS = NO;
				SWIFT_VERSION = 5.0;
				TEST_TARGET_NAME = EduChat;
			};
			name = Release;
		};
/* End XCBuildConfiguration section */

/* Begin XCConfigurationList section */
		5283A7C52E6DDBF500906B52 /* Build configuration list for PBXProject "EduChat" */ = {
			isa = XCConfigurationList;
			buildConfigurations = (
				5283A7EA2E6DDBF600906B52 /* Debug */,
				5283A7EB2E6DDBF600906B52 /* Release */,
			);
			defaultConfigurationIsVisible = 0;
			defaultConfigurationName = Release;
		};
		5283A7EC2E6DDBF600906B52 /* Build configuration list for PBXNativeTarget "EduChat" */ = {
			isa = XCConfigurationList;
			buildConfigurations = (
				5283A7ED2E6DDBF600906B52 /* Debug */,
				5283A7EE2E6DDBF600906B52 /* Release */,
			);
			defaultConfigurationIsVisible = 0;
			defaultConfigurationName = Release;
		};
		5283A7EF2E6DDBF600906B52 /* Build configuration list for PBXNativeTarget "EduChatTests" */ = {
			isa = XCConfigurationList;
			buildConfigurations = (
				5283A7F02E6DDBF600906B52 /* Debug */,
				5283A7F12E6DDBF600906B52 /* Release */,
			);
			defaultConfigurationIsVisible = 0;
			defaultConfigurationName = Release;
		};
		5283A7F22E6DDBF600906B52 /* Build configuration list for PBXNativeTarget "EduChatUITests" */ = {
			isa = XCConfigurationList;
			buildConfigurations = (
				5283A7F32E6DDBF600906B52 /* Debug */,
				5283A7F42E6DDBF600906B52 /* Release */,
			);
			defaultConfigurationIsVisible = 0;
			defaultConfigurationName = Release;
		};
/* End XCConfigurationList section */
	};
	rootObject = 5283A7C22E6DDBF500906B52 /* Project object */;
}
